
Microsoft Visual Studio Solution File, Format Version 12.00
# Visual Studio Version 17
VisualStudioVersion = 17.0.31903.59
MinimumVisualStudioVersion = 10.0.40219.1
Project("{FAE04EC0-301F-11D3-BF4B-00C04F79EFBC}") = "API", "API\API.csproj", "{05FCBF86-3BFD-43F0-B14A-D2297EA8D65C}"
EndProject
Project("{FAE04EC0-301F-11D3-BF4B-00C04F79EFBC}") = "Application", "Application\Application.csproj", "{3C45BAA9-78FF-4FE7-9271-857632269785}"
EndProject
Project("{FAE04EC0-301F-11D3-BF4B-00C04F79EFBC}") = "Domain", "Domain\Domain.csproj", "{50317859-AC31-483D-86B9-689E5EC503A0}"
EndProject
Project("{FAE04EC0-301F-11D3-BF4B-00C04F79EFBC}") = "Persistence", "Persistence\Persistence.csproj", "{A4A438D5-BE8E-44B3-96FA-5CBFED4F0DBD}"
EndProject
Global
	GlobalSection(SolutionConfigurationPlatforms) = preSolution
		Debug|Any CPU = Debug|Any CPU
		Release|Any CPU = Release|Any CPU
	EndGlobalSection
	GlobalSection(SolutionProperties) = preSolution
		HideSolutionNode = FALSE
	EndGlobalSection
	GlobalSection(ProjectConfigurationPlatforms) = postSolution
		{05FCBF86-3BFD-43F0-B14A-D2297EA8D65C}.Debug|Any CPU.ActiveCfg = Debug|Any CPU
		{05FCBF86-3BFD-43F0-B14A-D2297EA8D65C}.Debug|Any CPU.Build.0 = Debug|Any CPU
		{05FCBF86-3BFD-43F0-B14A-D2297EA8D65C}.Release|Any CPU.ActiveCfg = Release|Any CPU
		{05FCBF86-3BFD-43F0-B14A-D2297EA8D65C}.Release|Any CPU.Build.0 = Release|Any CPU
		{3C45BAA9-78FF-4FE7-9271-857632269785}.Debug|Any CPU.ActiveCfg = Debug|Any CPU
		{3C45BAA9-78FF-4FE7-9271-857632269785}.Debug|Any CPU.Build.0 = Debug|Any CPU
		{3C45BAA9-78FF-4FE7-9271-857632269785}.Release|Any CPU.ActiveCfg = Release|Any CPU
		{3C45BAA9-78FF-4FE7-9271-857632269785}.Release|Any CPU.Build.0 = Release|Any CPU
		{50317859-AC31-483D-86B9-689E5EC503A0}.Debug|Any CPU.ActiveCfg = Debug|Any CPU
		{50317859-AC31-483D-86B9-689E5EC503A0}.Debug|Any CPU.Build.0 = Debug|Any CPU
		{50317859-AC31-483D-86B9-689E5EC503A0}.Release|Any CPU.ActiveCfg = Release|Any CPU
		{50317859-AC31-483D-86B9-689E5EC503A0}.Release|Any CPU.Build.0 = Release|Any CPU
		{A4A438D5-BE8E-44B3-96FA-5CBFED4F0DBD}.Debug|Any CPU.ActiveCfg = Debug|Any CPU
		{A4A438D5-BE8E-44B3-96FA-5CBFED4F0DBD}.Debug|Any CPU.Build.0 = Debug|Any CPU
		{A4A438D5-BE8E-44B3-96FA-5CBFED4F0DBD}.Release|Any CPU.ActiveCfg = Release|Any CPU
		{A4A438D5-BE8E-44B3-96FA-5CBFED4F0DBD}.Release|Any CPU.Build.0 = Release|Any CPU
	EndGlobalSection
EndGlobal
